// !$*UTF8*$!
{
	archiveVersion = 1;
	classes = {
	};
	objectVersion = 46;
	objects = {

/* Begin PBXBuildFile section */
		002F108400AF580DB494233F /* pushup_demo.png in Resources */ = {isa = PBXBuildFile; fileRef = 6F7922649A2D32DC2DE783FF /* pushup_demo.png */; };
		049214842623564307138CB4 /* LocalImageView.swift in Sources */ = {isa = PBXBuildFile; fileRef = 5BA15E0ACE3BAD1D74DC93FD /* LocalImageView.swift */; };
		053151D2D9C7EA03017529B5 /* AppSectionHeader.swift in Sources */ = {isa = PBXBuildFile; fileRef = 81250B727C29064FDFA0A691 /* AppSectionHeader.swift */; };
		08112233445566778899AA01 /* AppRouter.swift in Sources */ = {isa = PBXBuildFile; fileRef = 08112233445566778899BB01 /* AppRouter.swift */; };
		0942FA5F056328165F01F959 /* ExerciseStore.swift in Sources */ = {isa = PBXBuildFile; fileRef = 2F8EC67A9D502937462EA938 /* ExerciseStore.swift */; };
		09582122C2A0CEF1B49E9B84 /* Foundation.framework in Frameworks */ = {isa = PBXBuildFile; fileRef = 03EF45A7700757F5E3B3BE1B /* Foundation.framework */; };
		11223344556677889900AA01 /* movement_bodyweight_squat.json in Resources */ = {isa = PBXBuildFile; fileRef = 11223344556677889900BB01 /* movement_bodyweight_squat.json */; };
		11223344556677889900AA02 /* movement_forearm_plank.json in Resources */ = {isa = PBXBuildFile; fileRef = 11223344556677889900BB02 /* movement_forearm_plank.json */; };
		11223344556677889900AA03 /* movement_incline_pushup.json in Resources */ = {isa = PBXBuildFile; fileRef = 11223344556677889900BB03 /* movement_incline_pushup.json */; };
		11223344556677889900AA04 /* movement_reverse_lunge.json in Resources */ = {isa = PBXBuildFile; fileRef = 11223344556677889900BB04 /* movement_reverse_lunge.json */; };
		20010E0D7D71377A32793C92 /* ExerciseModels.swift in Sources */ = {isa = PBXBuildFile; fileRef = 489264D19B5A930D78FDA3F5 /* ExerciseModels.swift */; };
		22334455667788990011AA01 /* course_cardio_technique_builder.json in Resources */ = {isa = PBXBuildFile; fileRef = 22334455667788990011BB01 /* course_cardio_technique_builder.json */; };
		22334455667788990011AA02 /* course_strength_foundation_a.json in Resources */ = {isa = PBXBuildFile; fileRef = 22334455667788990011BB02 /* course_strength_foundation_a.json */; };
		256CA5E37103F2FBB77F8BF6 /* course_strength_cover.png in Resources */ = {isa = PBXBuildFile; fileRef = 4F2CB759BDC652EF20F25D03 /* course_strength_cover.png */; };
		2AE5873332C7E04602D54D6D /* CourseStore.swift in Sources */ = {isa = PBXBuildFile; fileRef = B43C656392C622BB469282AA /* CourseStore.swift */; };
		362CA17013299B725BE2F4A7 /* CourseDetailView.swift in Sources */ = {isa = PBXBuildFile; fileRef = 20879ED7CC68C150A89DCEDC /* CourseDetailView.swift */; };
		3BF50D5929FDFEAA79C1C105 /* CourseModels.swift in Sources */ = {isa = PBXBuildFile; fileRef = F519610009BE63E90E305AB9 /* CourseModels.swift */; };
		3E48443496F99EC08E919740 /* plank_demo.png in Resources */ = {isa = PBXBuildFile; fileRef = C5C65E60BE44E05578C228E2 /* plank_demo.png */; };
		51B95040A6560608ED19056A /* lunge_demo.png in Resources */ = {isa = PBXBuildFile; fileRef = FE47FE2DBEE556B6F5EDAE05 /* lunge_demo.png */; };
		557036A93877992BF61D9C89 /* ProgressStore.swift in Sources */ = {isa = PBXBuildFile; fileRef = 895B8DEEA387480CB6ED9E3F /* ProgressStore.swift */; };
		582277E251B02BF4F64FF80E /* LocalExerciseRepository.swift in Sources */ = {isa = PBXBuildFile; fileRef = 4D69BDC56FD68E7CC19256B9 /* LocalExerciseRepository.swift */; };
		585BFC5B7D37862EA80C06EA /* Theme.swift in Sources */ = {isa = PBXBuildFile; fileRef = 0BDF7D584D81247422E34D18 /* Theme.swift */; };
		636200510C34C6796F413BFE /* AppFitCard.swift in Sources */ = {isa = PBXBuildFile; fileRef = 91EEF5D8C6BF1D46B0FA871D /* AppFitCard.swift */; };
		64B9D9FC115689AE4319A775 /* AudioPlaybackManager.swift in Sources */ = {isa = PBXBuildFile; fileRef = 2BE3C690DA51C0BA45E1E837 /* AudioPlaybackManager.swift */; };
		6994ACDA15EB1D28AB923AEC /* ProgressModels.swift in Sources */ = {isa = PBXBuildFile; fileRef = 597F3179FF64030C4E32E73F /* ProgressModels.swift */; };
		69B7C253AE692FD6346E568A /* stretch_demo.png in Resources */ = {isa = PBXBuildFile; fileRef = D5C7FFD469DE4F3248E4B3FB /* stretch_demo.png */; };
		8DA3764D7550A790B261BC35 /* running_drill.png in Resources */ = {isa = PBXBuildFile; fileRef = B3B8338243F23C1283F3D46D /* running_drill.png */; };
		8F8FC623335602281533D3A2 /* LocalProgressRepository.swift in Sources */ = {isa = PBXBuildFile; fileRef = F9AD02F86A6EC705EB045604 /* LocalProgressRepository.swift */; };
		91C3204A6D9F41AB9D6D66A1 /* body_weight_seed.json in Resources */ = {isa = PBXBuildFile; fileRef = 7BA6AD9E625F4F8DAA8E4801 /* body_weight_seed.json */; };
		A15BA360FD37AD15D85155C8 /* AppFitMVPApp.swift in Sources */ = {isa = PBXBuildFile; fileRef = B2F9A26C02ECB05E15F1B346 /* AppFitMVPApp.swift */; };
		A28C897CBC774DB5960DC275 /* LocalCourseRepository.swift in Sources */ = {isa = PBXBuildFile; fileRef = FBDE52BDA98D2135BC6FCF61 /* LocalCourseRepository.swift */; };
		A55BE501899C700846AABD5B /* warmup_dynamic.png in Resources */ = {isa = PBXBuildFile; fileRef = 50EABDA3124F670DF13A9E05 /* warmup_dynamic.png */; };
		A659AB974E9433F50D2C8285 /* course_cardio_cover.png in Resources */ = {isa = PBXBuildFile; fileRef = 060AF895585451F6C8560245 /* course_cardio_cover.png */; };
		AB947F05AF91964FE7ABED28 /* mobility_flow.png in Resources */ = {isa = PBXBuildFile; fileRef = 735DB1AD3014C06348F3C9C1 /* mobility_flow.png */; };
		AD0BD947255AC0BF8D06334E /* CourseSearchTabView.swift in Sources */ = {isa = PBXBuildFile; fileRef = 5B5A9C98958B22DF16687C10 /* CourseSearchTabView.swift */; };
		AF8BAF62755ECB5FD3763256 /* SessionPlayerView.swift in Sources */ = {isa = PBXBuildFile; fileRef = D26E83E46AAE43009E43F1FD /* SessionPlayerView.swift */; };
		AFDCF451394193492F0F0C69 /* MainTabView.swift in Sources */ = {isa = PBXBuildFile; fileRef = A106133FC12903E5213968CF /* MainTabView.swift */; };
		B970ABFD2D9BEE60D62F9C81 /* breathing_reset.png in Resources */ = {isa = PBXBuildFile; fileRef = 11C228903C64D57539405871 /* breathing_reset.png */; };
		D7FA30BC1BCB376998B5C571 /* AppFitButton.swift in Sources */ = {isa = PBXBuildFile; fileRef = 7F4E6F98CA84F4493B0BF841 /* AppFitButton.swift */; };
		DC795EDF075AC1B5C174999C /* squat_demo.png in Resources */ = {isa = PBXBuildFile; fileRef = 7DE7B3DB9A181F92DCB3BD3E /* squat_demo.png */; };
		E051B2425D6E9A8A43182715 /* ProgressTabView.swift in Sources */ = {isa = PBXBuildFile; fileRef = E27E5BC3400A8F23421B7C37 /* ProgressTabView.swift */; };
		E08586134765028155CE463F /* TagView.swift in Sources */ = {isa = PBXBuildFile; fileRef = A5597A69E05098B7E9AB391F /* TagView.swift */; };
		E69EBEB5C7E8193B328B645F /* cadence_block.png in Resources */ = {isa = PBXBuildFile; fileRef = FCC4F2BC63893545ACDA55EB /* cadence_block.png */; };
		EED82A528D9FF27CE679F3C4 /* MovementLibraryTabView.swift in Sources */ = {isa = PBXBuildFile; fileRef = 1449E9B2BF1A1DB4EEE92D3E /* MovementLibraryTabView.swift */; };
		F6B5C196E41B46B3909E5B0D /* training_seed.json in Resources */ = {isa = PBXBuildFile; fileRef = 3C7F8750AC694CCDA5E7596F /* training_seed.json */; };
		FE365A3904DF3D093EB0D5DD /* CourseAudioPlayerCard.swift in Sources */ = {isa = PBXBuildFile; fileRef = 124F98790A7E02499AB3CB20 /* CourseAudioPlayerCard.swift */; };
/* End PBXBuildFile section */

/* Begin PBXFileReference section */
		03EF45A7700757F5E3B3BE1B /* Foundation.framework */ = {isa = PBXFileReference; lastKnownFileType = wrapper.framework; name = Foundation.framework; path = Platforms/iPhoneOS.platform/Developer/SDKs/iPhoneOS14.0.sdk/System/Library/Frameworks/Foundation.framework; sourceTree = DEVELOPER_DIR; };
		060AF895585451F6C8560245 /* course_cardio_cover.png */ = {isa = PBXFileReference; includeInIndex = 1; lastKnownFileType = image.png; path = course_cardio_cover.png; sourceTree = "<group>"; };
		08112233445566778899BB01 /* AppRouter.swift */ = {isa = PBXFileReference; includeInIndex = 1; lastKnownFileType = sourcecode.swift; path = AppRouter.swift; sourceTree = "<group>"; };
		0BDF7D584D81247422E34D18 /* Theme.swift */ = {isa = PBXFileReference; includeInIndex = 1; lastKnownFileType = sourcecode.swift; path = Theme.swift; sourceTree = "<group>"; };
		11223344556677889900BB01 /* movement_bodyweight_squat.json */ = {isa = PBXFileReference; includeInIndex = 1; lastKnownFileType = text.json; path = movement_bodyweight_squat.json; sourceTree = "<group>"; };
		11223344556677889900BB02 /* movement_forearm_plank.json */ = {isa = PBXFileReference; includeInIndex = 1; lastKnownFileType = text.json; path = movement_forearm_plank.json; sourceTree = "<group>"; };
		11223344556677889900BB03 /* movement_incline_pushup.json */ = {isa = PBXFileReference; includeInIndex = 1; lastKnownFileType = text.json; path = movement_incline_pushup.json; sourceTree = "<group>"; };
		11223344556677889900BB04 /* movement_reverse_lunge.json */ = {isa = PBXFileReference; includeInIndex = 1; lastKnownFileType = text.json; path = movement_reverse_lunge.json; sourceTree = "<group>"; };
		11C228903C64D57539405871 /* breathing_reset.png */ = {isa = PBXFileReference; includeInIndex = 1; lastKnownFileType = image.png; path = breathing_reset.png; sourceTree = "<group>"; };
		124F98790A7E02499AB3CB20 /* CourseAudioPlayerCard.swift */ = {isa = PBXFileReference; includeInIndex = 1; lastKnownFileType = sourcecode.swift; path = CourseAudioPlayerCard.swift; sourceTree = "<group>"; };
		1449E9B2BF1A1DB4EEE92D3E /* MovementLibraryTabView.swift */ = {isa = PBXFileReference; includeInIndex = 1; lastKnownFileType = sourcecode.swift; path = MovementLibraryTabView.swift; sourceTree = "<group>"; };
		20879ED7CC68C150A89DCEDC /* CourseDetailView.swift */ = {isa = PBXFileReference; includeInIndex = 1; lastKnownFileType = sourcecode.swift; path = CourseDetailView.swift; sourceTree = "<group>"; };
		22334455667788990011BB01 /* course_cardio_technique_builder.json */ = {isa = PBXFileReference; includeInIndex = 1; lastKnownFileType = text.json; path = course_cardio_technique_builder.json; sourceTree = "<group>"; };
		22334455667788990011BB02 /* course_strength_foundation_a.json */ = {isa = PBXFileReference; includeInIndex = 1; lastKnownFileType = text.json; path = course_strength_foundation_a.json; sourceTree = "<group>"; };
		2BE3C690DA51C0BA45E1E837 /* AudioPlaybackManager.swift */ = {isa = PBXFileReference; includeInIndex = 1; lastKnownFileType = sourcecode.swift; path = AudioPlaybackManager.swift; sourceTree = "<group>"; };
		2F8EC67A9D502937462EA938 /* ExerciseStore.swift */ = {isa = PBXFileReference; includeInIndex = 1; lastKnownFileType = sourcecode.swift; path = ExerciseStore.swift; sourceTree = "<group>"; };
		3C7F8750AC694CCDA5E7596F /* training_seed.json */ = {isa = PBXFileReference; includeInIndex = 1; lastKnownFileType = text.json; path = training_seed.json; sourceTree = "<group>"; };
		489264D19B5A930D78FDA3F5 /* ExerciseModels.swift */ = {isa = PBXFileReference; includeInIndex = 1; lastKnownFileType = sourcecode.swift; path = ExerciseModels.swift; sourceTree = "<group>"; };
		4D69BDC56FD68E7CC19256B9 /* LocalExerciseRepository.swift */ = {isa = PBXFileReference; includeInIndex = 1; lastKnownFileType = sourcecode.swift; path = LocalExerciseRepository.swift; sourceTree = "<group>"; };
		4F2CB759BDC652EF20F25D03 /* course_strength_cover.png */ = {isa = PBXFileReference; includeInIndex = 1; lastKnownFileType = image.png; path = course_strength_cover.png; sourceTree = "<group>"; };
		50EABDA3124F670DF13A9E05 /* warmup_dynamic.png */ = {isa = PBXFileReference; includeInIndex = 1; lastKnownFileType = image.png; path = warmup_dynamic.png; sourceTree = "<group>"; };
		597F3179FF64030C4E32E73F /* ProgressModels.swift */ = {isa = PBXFileReference; includeInIndex = 1; lastKnownFileType = sourcecode.swift; path = ProgressModels.swift; sourceTree = "<group>"; };
		5B5A9C98958B22DF16687C10 /* CourseSearchTabView.swift */ = {isa = PBXFileReference; includeInIndex = 1; lastKnownFileType = sourcecode.swift; path = CourseSearchTabView.swift; sourceTree = "<group>"; };
		5BA15E0ACE3BAD1D74DC93FD /* LocalImageView.swift */ = {isa = PBXFileReference; includeInIndex = 1; lastKnownFileType = sourcecode.swift; path = LocalImageView.swift; sourceTree = "<group>"; };
		6F7922649A2D32DC2DE783FF /* pushup_demo.png */ = {isa = PBXFileReference; includeInIndex = 1; lastKnownFileType = image.png; path = pushup_demo.png; sourceTree = "<group>"; };
		735DB1AD3014C06348F3C9C1 /* mobility_flow.png */ = {isa = PBXFileReference; includeInIndex = 1; lastKnownFileType = image.png; path = mobility_flow.png; sourceTree = "<group>"; };
		7BA6AD9E625F4F8DAA8E4801 /* body_weight_seed.json */ = {isa = PBXFileReference; includeInIndex = 1; lastKnownFileType = text.json; path = body_weight_seed.json; sourceTree = "<group>"; };
		7DE7B3DB9A181F92DCB3BD3E /* squat_demo.png */ = {isa = PBXFileReference; includeInIndex = 1; lastKnownFileType = image.png; path = squat_demo.png; sourceTree = "<group>"; };
		7F4E6F98CA84F4493B0BF841 /* AppFitButton.swift */ = {isa = PBXFileReference; includeInIndex = 1; lastKnownFileType = sourcecode.swift; path = AppFitButton.swift; sourceTree = "<group>"; };
		81250B727C29064FDFA0A691 /* AppSectionHeader.swift */ = {isa = PBXFileReference; includeInIndex = 1; lastKnownFileType = sourcecode.swift; path = AppSectionHeader.swift; sourceTree = "<group>"; };
		828241B583BBD1C14EEEED5C /* AppFitMVP.app */ = {isa = PBXFileReference; explicitFileType = wrapper.application; includeInIndex = 0; path = AppFitMVP.app; sourceTree = BUILT_PRODUCTS_DIR; };
		895B8DEEA387480CB6ED9E3F /* ProgressStore.swift */ = {isa = PBXFileReference; includeInIndex = 1; lastKnownFileType = sourcecode.swift; path = ProgressStore.swift; sourceTree = "<group>"; };
		91EEF5D8C6BF1D46B0FA871D /* AppFitCard.swift */ = {isa = PBXFileReference; includeInIndex = 1; lastKnownFileType = sourcecode.swift; path = AppFitCard.swift; sourceTree = "<group>"; };
		A106133FC12903E5213968CF /* MainTabView.swift */ = {isa = PBXFileReference; includeInIndex = 1; lastKnownFileType = sourcecode.swift; path = MainTabView.swift; sourceTree = "<group>"; };
		A5597A69E05098B7E9AB391F /* TagView.swift */ = {isa = PBXFileReference; includeInIndex = 1; lastKnownFileType = sourcecode.swift; path = TagView.swift; sourceTree = "<group>"; };
		B2F9A26C02ECB05E15F1B346 /* AppFitMVPApp.swift */ = {isa = PBXFileReference; includeInIndex = 1; lastKnownFileType = sourcecode.swift; path = AppFitMVPApp.swift; sourceTree = "<group>"; };
		B3B8338243F23C1283F3D46D /* running_drill.png */ = {isa = PBXFileReference; includeInIndex = 1; lastKnownFileType = image.png; path = running_drill.png; sourceTree = "<group>"; };
		B43C656392C622BB469282AA /* CourseStore.swift */ = {isa = PBXFileReference; includeInIndex = 1; lastKnownFileType = sourcecode.swift; path = CourseStore.swift; sourceTree = "<group>"; };
		C5C65E60BE44E05578C228E2 /* plank_demo.png */ = {isa = PBXFileReference; includeInIndex = 1; lastKnownFileType = image.png; path = plank_demo.png; sourceTree = "<group>"; };
		D26E83E46AAE43009E43F1FD /* SessionPlayerView.swift */ = {isa = PBXFileReference; includeInIndex = 1; lastKnownFileType = sourcecode.swift; path = SessionPlayerView.swift; sourceTree = "<group>"; };
		D5C7FFD469DE4F3248E4B3FB /* stretch_demo.png */ = {isa = PBXFileReference; includeInIndex = 1; lastKnownFileType = image.png; path = stretch_demo.png; sourceTree = "<group>"; };
		E27E5BC3400A8F23421B7C37 /* ProgressTabView.swift */ = {isa = PBXFileReference; includeInIndex = 1; lastKnownFileType = sourcecode.swift; path = ProgressTabView.swift; sourceTree = "<group>"; };
		F519610009BE63E90E305AB9 /* CourseModels.swift */ = {isa = PBXFileReference; includeInIndex = 1; lastKnownFileType = sourcecode.swift; path = CourseModels.swift; sourceTree = "<group>"; };
		F9AD02F86A6EC705EB045604 /* LocalProgressRepository.swift */ = {isa = PBXFileReference; includeInIndex = 1; lastKnownFileType = sourcecode.swift; path = LocalProgressRepository.swift; sourceTree = "<group>"; };
		FBDE52BDA98D2135BC6FCF61 /* LocalCourseRepository.swift */ = {isa = PBXFileReference; includeInIndex = 1; lastKnownFileType = sourcecode.swift; path = LocalCourseRepository.swift; sourceTree = "<group>"; };
		FCC4F2BC63893545ACDA55EB /* cadence_block.png */ = {isa = PBXFileReference; includeInIndex = 1; lastKnownFileType = image.png; path = cadence_block.png; sourceTree = "<group>"; };
		FE47FE2DBEE556B6F5EDAE05 /* lunge_demo.png */ = {isa = PBXFileReference; includeInIndex = 1; lastKnownFileType = image.png; path = lunge_demo.png; sourceTree = "<group>"; };
/* End PBXFileReference section */

/* Begin PBXFrameworksBuildPhase section */
		90B8DB6D715210990CF9E934 /* Frameworks */ = {
			isa = PBXFrameworksBuildPhase;
			buildActionMask = 2147483647;
			files = (
				09582122C2A0CEF1B49E9B84 /* Foundation.framework in Frameworks */,
			);
			runOnlyForDeploymentPostprocessing = 0;
		};
/* End PBXFrameworksBuildPhase section */

/* Begin PBXGroup section */
		11223344556677889900CC01 /* ExerciseLibrary */ = {
			isa = PBXGroup;
			children = (
				11223344556677889900BB01 /* movement_bodyweight_squat.json */,
				11223344556677889900BB02 /* movement_forearm_plank.json */,
				11223344556677889900BB03 /* movement_incline_pushup.json */,
				11223344556677889900BB04 /* movement_reverse_lunge.json */,
			);
			path = ExerciseLibrary;
			sourceTree = "<group>";
		};
		13DBCE8DCFC34BA11B5AB458 /* ViewModels */ = {
			isa = PBXGroup;
			children = (
				08112233445566778899BB01 /* AppRouter.swift */,
				B43C656392C622BB469282AA /* CourseStore.swift */,
				2F8EC67A9D502937462EA938 /* ExerciseStore.swift */,
				895B8DEEA387480CB6ED9E3F /* ProgressStore.swift */,
			);
			path = ViewModels;
			sourceTree = "<group>";
		};
		22334455667788990011CC01 /* CourseLibrary */ = {
			isa = PBXGroup;
			children = (
				22334455667788990011BB01 /* course_cardio_technique_builder.json */,
				22334455667788990011BB02 /* course_strength_foundation_a.json */,
			);
			path = CourseLibrary;
			sourceTree = "<group>";
		};
		2462710A01D9599FA2453751 /* Products */ = {
			isa = PBXGroup;
			children = (
				828241B583BBD1C14EEEED5C /* AppFitMVP.app */,
			);
			name = Products;
			sourceTree = "<group>";
		};
		4C53E6188E8E1DFCC4A3AEFD /* Views */ = {
			isa = PBXGroup;
			children = (
				20879ED7CC68C150A89DCEDC /* CourseDetailView.swift */,
				D26E83E46AAE43009E43F1FD /* SessionPlayerView.swift */,
				5BA15E0ACE3BAD1D74DC93FD /* LocalImageView.swift */,
				A106133FC12903E5213968CF /* MainTabView.swift */,
				5B5A9C98958B22DF16687C10 /* CourseSearchTabView.swift */,
				1449E9B2BF1A1DB4EEE92D3E /* MovementLibraryTabView.swift */,
				E27E5BC3400A8F23421B7C37 /* ProgressTabView.swift */,
			);
			path = Views;
			sourceTree = "<group>";
		};
		580516EF2C830001C34DDF37 /* Data */ = {
			isa = PBXGroup;
			children = (
				22334455667788990011CC01 /* CourseLibrary */,
				11223344556677889900CC01 /* ExerciseLibrary */,
				7BA6AD9E625F4F8DAA8E4801 /* body_weight_seed.json */,
				3C7F8750AC694CCDA5E7596F /* training_seed.json */,
			);
			path = Data;
			sourceTree = "<group>";
		};
		5B2ABC0048E280C6B9E52CAE /* iOS */ = {
			isa = PBXGroup;
			children = (
				03EF45A7700757F5E3B3BE1B /* Foundation.framework */,
			);
			name = iOS;
			sourceTree = "<group>";
		};
		5B2FCD068C5AEB6A872E8277 /* Models */ = {
			isa = PBXGroup;
			children = (
				F519610009BE63E90E305AB9 /* CourseModels.swift */,
				489264D19B5A930D78FDA3F5 /* ExerciseModels.swift */,
				597F3179FF64030C4E32E73F /* ProgressModels.swift */,
			);
			path = Models;
			sourceTree = "<group>";
		};
		68262DB32DE32D38AE087F0D /* Images */ = {
			isa = PBXGroup;
			children = (
				4F2CB759BDC652EF20F25D03 /* course_strength_cover.png */,
				060AF895585451F6C8560245 /* course_cardio_cover.png */,
				50EABDA3124F670DF13A9E05 /* warmup_dynamic.png */,
				6F7922649A2D32DC2DE783FF /* pushup_demo.png */,
				C5C65E60BE44E05578C228E2 /* plank_demo.png */,
				7DE7B3DB9A181F92DCB3BD3E /* squat_demo.png */,
				FE47FE2DBEE556B6F5EDAE05 /* lunge_demo.png */,
				735DB1AD3014C06348F3C9C1 /* mobility_flow.png */,
				B3B8338243F23C1283F3D46D /* running_drill.png */,
				FCC4F2BC63893545ACDA55EB /* cadence_block.png */,
				D5C7FFD469DE4F3248E4B3FB /* stretch_demo.png */,
				11C228903C64D57539405871 /* breathing_reset.png */,
			);
			path = Images;
			sourceTree = "<group>";
		};
		6FF0AD1BF704291F79692906 /* AppFitMVP */ = {
			isa = PBXGroup;
			children = (
				5B2FCD068C5AEB6A872E8277 /* Models */,
				788779C8285C8DE4EB5FF238 /* Services */,
				13DBCE8DCFC34BA11B5AB458 /* ViewModels */,
				4C53E6188E8E1DFCC4A3AEFD /* Views */,
				ED9D68634BED34F120B4171E /* Resources */,
				B2F9A26C02ECB05E15F1B346 /* AppFitMVPApp.swift */,
				A3055149016F4719F6B776AF /* DesignSystem */,
				984845540B8C8F818F304FE0 /* Components */,
			);
			path = AppFitMVP;
			sourceTree = "<group>";
		};
		788779C8285C8DE4EB5FF238 /* Services */ = {
			isa = PBXGroup;
			children = (
				FBDE52BDA98D2135BC6FCF61 /* LocalCourseRepository.swift */,
				4D69BDC56FD68E7CC19256B9 /* LocalExerciseRepository.swift */,
				F9AD02F86A6EC705EB045604 /* LocalProgressRepository.swift */,
				2BE3C690DA51C0BA45E1E837 /* AudioPlaybackManager.swift */,
			);
			path = Services;
			sourceTree = "<group>";
		};
		8A36A0973DD3E2B4DF1066B8 /* Frameworks */ = {
			isa = PBXGroup;
			children = (
				5B2ABC0048E280C6B9E52CAE /* iOS */,
			);
			name = Frameworks;
			sourceTree = "<group>";
		};
		984845540B8C8F818F304FE0 /* Components */ = {
			isa = PBXGroup;
			children = (
				91EEF5D8C6BF1D46B0FA871D /* AppFitCard.swift */,
				7F4E6F98CA84F4493B0BF841 /* AppFitButton.swift */,
				A5597A69E05098B7E9AB391F /* TagView.swift */,
				81250B727C29064FDFA0A691 /* AppSectionHeader.swift */,
				124F98790A7E02499AB3CB20 /* CourseAudioPlayerCard.swift */,
			);
			path = Components;
			sourceTree = "<group>";
		};
		A3055149016F4719F6B776AF /* DesignSystem */ = {
			isa = PBXGroup;
			children = (
				0BDF7D584D81247422E34D18 /* Theme.swift */,
			);
			path = DesignSystem;
			sourceTree = "<group>";
		};
		EC117E082B1CDEC7EE6BD5DF = {
			isa = PBXGroup;
			children = (
				2462710A01D9599FA2453751 /* Products */,
				8A36A0973DD3E2B4DF1066B8 /* Frameworks */,
				6FF0AD1BF704291F79692906 /* AppFitMVP */,
			);
			sourceTree = "<group>";
		};
		ED9D68634BED34F120B4171E /* Resources */ = {
			isa = PBXGroup;
			children = (
				580516EF2C830001C34DDF37 /* Data */,
				68262DB32DE32D38AE087F0D /* Images */,
			);
			path = Resources;
			sourceTree = "<group>";
		};
/* End PBXGroup section */

/* Begin PBXNativeTarget section */
		43F2A271CA5FBA39C35EE60D /* AppFitMVP */ = {
			isa = PBXNativeTarget;
			buildConfigurationList = 7A2EE2074B6E6D89EC0C1CE2 /* Build configuration list for PBXNativeTarget "AppFitMVP" */;
			buildPhases = (
				58CEA48697984F4AB1D00E1D /* Sources */,
				90B8DB6D715210990CF9E934 /* Frameworks */,
				6F7DFA25D6F1D9412D5EB084 /* Resources */,
			);
			buildRules = (
			);
			dependencies = (
			);
			name = AppFitMVP;
			productName = AppFitMVP;
			productReference = 828241B583BBD1C14EEEED5C /* AppFitMVP.app */;
			productType = "com.apple.product-type.application";
		};
/* End PBXNativeTarget section */

/* Begin PBXProject section */
		7A63ADE98B0ECF4883146CDC /* Project object */ = {
			isa = PBXProject;
			attributes = {
				LastSwiftUpdateCheck = 1240;
				LastUpgradeCheck = 1240;
				TargetAttributes = {
					43F2A271CA5FBA39C35EE60D = {
						DevelopmentTeam = 9GKJPT3CR3;
						ProvisioningStyle = Automatic;
					};
				};
			};
			buildConfigurationList = 00959FE5E651B7DDEAEF69AF /* Build configuration list for PBXProject "AppFitMVP" */;
			compatibilityVersion = "Xcode 3.2";
			developmentRegion = en;
			hasScannedForEncodings = 0;
			knownRegions = (
				en,
				Base,
			);
			mainGroup = EC117E082B1CDEC7EE6BD5DF;
			productRefGroup = 2462710A01D9599FA2453751 /* Products */;
			projectDirPath = "";
			projectRoot = "";
			targets = (
				43F2A271CA5FBA39C35EE60D /* AppFitMVP */,
			);
		};
/* End PBXProject section */

/* Begin PBXResourcesBuildPhase section */
		6F7DFA25D6F1D9412D5EB084 /* Resources */ = {
			isa = PBXResourcesBuildPhase;
			buildActionMask = 2147483647;
			files = (
				22334455667788990011AA01 /* course_cardio_technique_builder.json in Resources */,
				22334455667788990011AA02 /* course_strength_foundation_a.json in Resources */,
				256CA5E37103F2FBB77F8BF6 /* course_strength_cover.png in Resources */,
				A659AB974E9433F50D2C8285 /* course_cardio_cover.png in Resources */,
				A55BE501899C700846AABD5B /* warmup_dynamic.png in Resources */,
				002F108400AF580DB494233F /* pushup_demo.png in Resources */,
				3E48443496F99EC08E919740 /* plank_demo.png in Resources */,
				DC795EDF075AC1B5C174999C /* squat_demo.png in Resources */,
				51B95040A6560608ED19056A /* lunge_demo.png in Resources */,
				AB947F05AF91964FE7ABED28 /* mobility_flow.png in Resources */,
				8DA3764D7550A790B261BC35 /* running_drill.png in Resources */,
				E69EBEB5C7E8193B328B645F /* cadence_block.png in Resources */,
				69B7C253AE692FD6346E568A /* stretch_demo.png in Resources */,
				B970ABFD2D9BEE60D62F9C81 /* breathing_reset.png in Resources */,
				11223344556677889900AA01 /* movement_bodyweight_squat.json in Resources */,
				11223344556677889900AA02 /* movement_forearm_plank.json in Resources */,
				11223344556677889900AA03 /* movement_incline_pushup.json in Resources */,
				11223344556677889900AA04 /* movement_reverse_lunge.json in Resources */,
				91C3204A6D9F41AB9D6D66A1 /* body_weight_seed.json in Resources */,
				F6B5C196E41B46B3909E5B0D /* training_seed.json in Resources */,
			);
			runOnlyForDeploymentPostprocessing = 0;
		};
/* End PBXResourcesBuildPhase section */

/* Begin PBXSourcesBuildPhase section */
		58CEA48697984F4AB1D00E1D /* Sources */ = {
			isa = PBXSourcesBuildPhase;
			buildActionMask = 2147483647;
			files = (
				A15BA360FD37AD15D85155C8 /* AppFitMVPApp.swift in Sources */,
				08112233445566778899AA01 /* AppRouter.swift in Sources */,
				3BF50D5929FDFEAA79C1C105 /* CourseModels.swift in Sources */,
				A28C897CBC774DB5960DC275 /* LocalCourseRepository.swift in Sources */,
				2AE5873332C7E04602D54D6D /* CourseStore.swift in Sources */,
				362CA17013299B725BE2F4A7 /* CourseDetailView.swift in Sources */,
				AF8BAF62755ECB5FD3763256 /* SessionPlayerView.swift in Sources */,
				049214842623564307138CB4 /* LocalImageView.swift in Sources */,
				20010E0D7D71377A32793C92 /* ExerciseModels.swift in Sources */,
				6994ACDA15EB1D28AB923AEC /* ProgressModels.swift in Sources */,
				582277E251B02BF4F64FF80E /* LocalExerciseRepository.swift in Sources */,
				8F8FC623335602281533D3A2 /* LocalProgressRepository.swift in Sources */,
				0942FA5F056328165F01F959 /* ExerciseStore.swift in Sources */,
				557036A93877992BF61D9C89 /* ProgressStore.swift in Sources */,
				AFDCF451394193492F0F0C69 /* MainTabView.swift in Sources */,
				AD0BD947255AC0BF8D06334E /* CourseSearchTabView.swift in Sources */,
				EED82A528D9FF27CE679F3C4 /* MovementLibraryTabView.swift in Sources */,
				E051B2425D6E9A8A43182715 /* ProgressTabView.swift in Sources */,
				585BFC5B7D37862EA80C06EA /* Theme.swift in Sources */,
				636200510C34C6796F413BFE /* AppFitCard.swift in Sources */,
				D7FA30BC1BCB376998B5C571 /* AppFitButton.swift in Sources */,
				E08586134765028155CE463F /* TagView.swift in Sources */,
				053151D2D9C7EA03017529B5 /* AppSectionHeader.swift in Sources */,
				64B9D9FC115689AE4319A775 /* AudioPlaybackManager.swift in Sources */,
				FE365A3904DF3D093EB0D5DD /* CourseAudioPlayerCard.swift in Sources */,
			);
			runOnlyForDeploymentPostprocessing = 0;
		};
/* End PBXSourcesBuildPhase section */

/* Begin XCBuildConfiguration section */
		37DC77B4F4374BE194A342A5 /* Debug */ = {
			isa = XCBuildConfiguration;
			buildSettings = {
				ASSETCATALOG_COMPILER_APPICON_NAME = AppIcon;
				ASSETCATALOG_COMPILER_GLOBAL_ACCENT_COLOR_NAME = AccentColor;
				CLANG_ENABLE_OBJC_WEAK = NO;
				CODE_SIGN_STYLE = Automatic;
				CURRENT_PROJECT_VERSION = 1;
				DEVELOPMENT_TEAM = 9GKJPT3CR3;
				GENERATE_INFOPLIST_FILE = YES;
				INFOPLIST_KEY_CFBundleDisplayName = "AppFit MVP";
				INFOPLIST_KEY_UIApplicationSceneManifest_Generation = YES;
				INFOPLIST_KEY_UIApplicationSupportsIndirectInputEvents = YES;
				INFOPLIST_KEY_UILaunchScreen_Generation = YES;
				INFOPLIST_KEY_UISupportedInterfaceOrientations_iPhone = UIInterfaceOrientationPortrait;
				IPHONEOS_DEPLOYMENT_TARGET = 17.0;
				LD_RUNPATH_SEARCH_PATHS = "$(inherited) @executable_path/Frameworks";
				MARKETING_VERSION = 0.1.0;
				PRODUCT_BUNDLE_IDENTIFIER = com.speiyao.AppFitMVP;
				PRODUCT_NAME = "$(TARGET_NAME)";
				SDKROOT = iphoneos;
				SWIFT_VERSION = 5.0;
				TARGETED_DEVICE_FAMILY = 1;
			};
			name = Debug;
		};
		3E7B29E96D31EEE998DA1369 /* Release */ = {
			isa = XCBuildConfiguration;
			buildSettings = {
				ASSETCATALOG_COMPILER_APPICON_NAME = AppIcon;
				ASSETCATALOG_COMPILER_GLOBAL_ACCENT_COLOR_NAME = AccentColor;
				CLANG_ENABLE_OBJC_WEAK = NO;
				CODE_SIGN_STYLE = Automatic;
				CURRENT_PROJECT_VERSION = 1;
				DEVELOPMENT_TEAM = 9GKJPT3CR3;
				GENERATE_INFOPLIST_FILE = YES;
				INFOPLIST_KEY_CFBundleDisplayName = "AppFit MVP";
				INFOPLIST_KEY_UIApplicationSceneManifest_Generation = YES;
				INFOPLIST_KEY_UIApplicationSupportsIndirectInputEvents = YES;
				INFOPLIST_KEY_UILaunchScreen_Generation = YES;
				INFOPLIST_KEY_UISupportedInterfaceOrientations_iPhone = UIInterfaceOrientationPortrait;
				IPHONEOS_DEPLOYMENT_TARGET = 17.0;
				LD_RUNPATH_SEARCH_PATHS = "$(inherited) @executable_path/Frameworks";
				MARKETING_VERSION = 0.1.0;
				PRODUCT_BUNDLE_IDENTIFIER = com.speiyao.AppFitMVP;
				PRODUCT_NAME = "$(TARGET_NAME)";
				SDKROOT = iphoneos;
				SWIFT_VERSION = 5.0;
				TARGETED_DEVICE_FAMILY = 1;
				VALIDATE_PRODUCT = YES;
			};
			name = Release;
		};
		B8EC381E9119821ED5D29A92 /* Debug */ = {
			isa = XCBuildConfiguration;
			buildSettings = {
				ALWAYS_SEARCH_USER_PATHS = NO;
				CLANG_ANALYZER_NONNULL = YES;
				CLANG_ANALYZER_NUMBER_OBJECT_CONVERSION = YES_AGGRESSIVE;
				CLANG_CXX_LANGUAGE_STANDARD = "gnu++14";
				CLANG_CXX_LIBRARY = "libc++";
				CLANG_ENABLE_MODULES = YES;
				CLANG_ENABLE_OBJC_ARC = YES;
				CLANG_ENABLE_OBJC_WEAK = YES;
				CLANG_WARN_BLOCK_CAPTURE_AUTORELEASING = YES;
				CLANG_WARN_BOOL_CONVERSION = YES;
				CLANG_WARN_COMMA = YES;
				CLANG_WARN_CONSTANT_CONVERSION = YES;
				CLANG_WARN_DEPRECATED_OBJC_IMPLEMENTATIONS = YES;
				CLANG_WARN_DIRECT_OBJC_ISA_USAGE = YES_ERROR;
				CLANG_WARN_DOCUMENTATION_COMMENTS = YES;
				CLANG_WARN_EMPTY_BODY = YES;
				CLANG_WARN_ENUM_CONVERSION = YES;
				CLANG_WARN_INFINITE_RECURSION = YES;
				CLANG_WARN_INT_CONVERSION = YES;
				CLANG_WARN_NON_LITERAL_NULL_CONVERSION = YES;
				CLANG_WARN_OBJC_IMPLICIT_RETAIN_SELF = YES;
				CLANG_WARN_OBJC_LITERAL_CONVERSION = YES;
				CLANG_WARN_OBJC_ROOT_CLASS = YES_ERROR;
				CLANG_WARN_QUOTED_INCLUDE_IN_FRAMEWORK_HEADER = YES;
				CLANG_WARN_RANGE_LOOP_ANALYSIS = YES;
				CLANG_WARN_STRICT_PROTOTYPES = YES;
				CLANG_WARN_SUSPICIOUS_MOVE = YES;
				CLANG_WARN_UNGUARDED_AVAILABILITY = YES_AGGRESSIVE;
				CLANG_WARN_UNREACHABLE_CODE = YES;
				CLANG_WARN__DUPLICATE_METHOD_MATCH = YES;
				CODE_SIGN_STYLE = Automatic;
				COPY_PHASE_STRIP = NO;
				DEBUG_INFORMATION_FORMAT = dwarf;
				ENABLE_STRICT_OBJC_MSGSEND = YES;
				ENABLE_TESTABILITY = YES;
				GCC_C_LANGUAGE_STANDARD = gnu11;
				GCC_DYNAMIC_NO_PIC = NO;
				GCC_NO_COMMON_BLOCKS = YES;
				GCC_OPTIMIZATION_LEVEL = 0;
				GCC_PREPROCESSOR_DEFINITIONS = (
					"DEBUG=1",
					"$(inherited)",
				);
				GCC_WARN_64_TO_32_BIT_CONVERSION = YES;
				GCC_WARN_ABOUT_RETURN_TYPE = YES_ERROR;
				GCC_WARN_UNDECLARED_SELECTOR = YES;
				GCC_WARN_UNINITIALIZED_AUTOS = YES_AGGRESSIVE;
				GCC_WARN_UNUSED_FUNCTION = YES;
				GCC_WARN_UNUSED_VARIABLE = YES;
				IPHONEOS_DEPLOYMENT_TARGET = 17.0;
				MTL_ENABLE_DEBUG_INFO = INCLUDE_SOURCE;
				MTL_FAST_MATH = YES;
				ONLY_ACTIVE_ARCH = YES;
				PRODUCT_NAME = "$(TARGET_NAME)";
				SWIFT_ACTIVE_COMPILATION_CONDITIONS = DEBUG;
				SWIFT_OPTIMIZATION_LEVEL = "-Onone";
				SWIFT_VERSION = 5.0;
				TARGETED_DEVICE_FAMILY = 1;
			};
			name = Debug;
		};
		E73E56B2228F575249D340CF /* Release */ = {
			isa = XCBuildConfiguration;
			buildSettings = {
				ALWAYS_SEARCH_USER_PATHS = NO;
				CLANG_ANALYZER_NONNULL = YES;
				CLANG_ANALYZER_NUMBER_OBJECT_CONVERSION = YES_AGGRESSIVE;
				CLANG_CXX_LANGUAGE_STANDARD = "gnu++14";
				CLANG_CXX_LIBRARY = "libc++";
				CLANG_ENABLE_MODULES = YES;
				CLANG_ENABLE_OBJC_ARC = YES;
				CLANG_ENABLE_OBJC_WEAK = YES;
				CLANG_WARN_BLOCK_CAPTURE_AUTORELEASING = YES;
				CLANG_WARN_BOOL_CONVERSION = YES;
				CLANG_WARN_COMMA = YES;
				CLANG_WARN_CONSTANT_CONVERSION = YES;
				CLANG_WARN_DEPRECATED_OBJC_IMPLEMENTATIONS = YES;
				CLANG_WARN_DIRECT_OBJC_ISA_USAGE = YES_ERROR;
				CLANG_WARN_DOCUMENTATION_COMMENTS = YES;
				CLANG_WARN_EMPTY_BODY = YES;
				CLANG_WARN_ENUM_CONVERSION = YES;
				CLANG_WARN_INFINITE_RECURSION = YES;
				CLANG_WARN_INT_CONVERSION = YES;
				CLANG_WARN_NON_LITERAL_NULL_CONVERSION = YES;
				CLANG_WARN_OBJC_IMPLICIT_RETAIN_SELF = YES;
				CLANG_WARN_OBJC_LITERAL_CONVERSION = YES;
				CLANG_WARN_OBJC_ROOT_CLASS = YES_ERROR;
				CLANG_WARN_QUOTED_INCLUDE_IN_FRAMEWORK_HEADER = YES;
				CLANG_WARN_RANGE_LOOP_ANALYSIS = YES;
				CLANG_WARN_STRICT_PROTOTYPES = YES;
				CLANG_WARN_SUSPICIOUS_MOVE = YES;
				CLANG_WARN_UNGUARDED_AVAILABILITY = YES_AGGRESSIVE;
				CLANG_WARN_UNREACHABLE_CODE = YES;
				CLANG_WARN__DUPLICATE_METHOD_MATCH = YES;
				CODE_SIGN_STYLE = Automatic;
				COPY_PHASE_STRIP = NO;
				DEBUG_INFORMATION_FORMAT = "dwarf-with-dsym";
				ENABLE_NS_ASSERTIONS = NO;
				ENABLE_STRICT_OBJC_MSGSEND = YES;
				GCC_C_LANGUAGE_STANDARD = gnu11;
				GCC_NO_COMMON_BLOCKS = YES;
				GCC_WARN_64_TO_32_BIT_CONVERSION = YES;
				GCC_WARN_ABOUT_RETURN_TYPE = YES_ERROR;
				GCC_WARN_UNDECLARED_SELECTOR = YES;
				GCC_WARN_UNINITIALIZED_AUTOS = YES_AGGRESSIVE;
				GCC_WARN_UNUSED_FUNCTION = YES;
				GCC_WARN_UNUSED_VARIABLE = YES;
				IPHONEOS_DEPLOYMENT_TARGET = 17.0;
				MTL_ENABLE_DEBUG_INFO = NO;
				MTL_FAST_MATH = YES;
				PRODUCT_NAME = "$(TARGET_NAME)";
				SWIFT_OPTIMIZATION_LEVEL = "-Owholemodule";
				SWIFT_VERSION = 5.0;
				TARGETED_DEVICE_FAMILY = 1;
			};
			name = Release;
		};
/* End XCBuildConfiguration section */

/* Begin XCConfigurationList section */
		00959FE5E651B7DDEAEF69AF /* Build configuration list for PBXProject "AppFitMVP" */ = {
			isa = XCConfigurationList;
			buildConfigurations = (
				B8EC381E9119821ED5D29A92 /* Debug */,
				E73E56B2228F575249D340CF /* Release */,
			);
			defaultConfigurationIsVisible = 0;
			defaultConfigurationName = Release;
		};
		7A2EE2074B6E6D89EC0C1CE2 /* Build configuration list for PBXNativeTarget "AppFitMVP" */ = {
			isa = XCConfigurationList;
			buildConfigurations = (
				3E7B29E96D31EEE998DA1369 /* Release */,
				37DC77B4F4374BE194A342A5 /* Debug */,
			);
			defaultConfigurationIsVisible = 0;
			defaultConfigurationName = Release;
		};
/* End XCConfigurationList section */
	};
	rootObject = 7A63ADE98B0ECF4883146CDC /* Project object */;
}
